<?xml version="1.0" encoding="utf-8"?>
<Project ToolsVersion="4.0" xmlns="http://schemas.microsoft.com/developer/msbuild/2003">
  <ItemGroup>
    <Filter Include="Source Files">
      <UniqueIdentifier>{4FC737F1-C7A5-4376-A066-2A32D752A2FF}</UniqueIdentifier>
      <Extensions>cpp;c;cc;cxx;def;odl;idl;hpj;bat;asm;asmx</Extensions>
    </Filter>
    <Filter Include="Header Files">
      <UniqueIdentifier>{93995380-89BD-4b04-88EB-625FBE52EBFB}</UniqueIdentifier>
      <Extensions>h;hh;hpp;hxx;hm;inl;inc;xsd</Extensions>
    </Filter>
    <Filter Include="Resource Files">
      <UniqueIdentifier>{67DA6AB6-F800-4c08-8B7A-83BB121AAD01}</UniqueIdentifier>
      <Extensions>rc;ico;cur;bmp;dlg;rc2;rct;bin;rgs;gif;jpg;jpeg;jpe;resx;tiff;tif;png;wav;mfcribbon-ms</Extensions>
    </Filter>
  </ItemGroup>
  <ItemGroup>
    <ClInclude Include="..\BlakeRainbowTables\blake_ref.hpp">
      <Filter>Header Files</Filter>
    </ClInclude>
    <ClInclude Include="..\BlakeRainbowTables\CreateRBT.hpp">
      <Filter>Header Files</Filter>
    </ClInclude>
    <ClInclude Include="..\BlakeRainbowTables\hashOperations.hpp">
      <Filter>Header Files</Filter>
    </ClInclude>
    <ClInclude Include="..\BlakeRainbowTables\llist.hpp">
      <Filter>Header Files</Filter>
    </ClInclude>
    <ClInclude Include="..\BlakeRainbowTables\RedFun.hpp">
      <Filter>Header Files</Filter>
    </ClInclude>
    <ClInclude Include="..\BlakeRainbowTables\SearchRBT.hpp">
      <Filter>Header Files</Filter>
    </ClInclude>
    <ClInclude Include="..\BlakeRainbowTables\byNet.hpp">
      <Filter>Header Files</Filter>
    </ClInclude>
    <ClInclude Include="resource.h">
      <Filter>Header Files</Filter>
    </ClInclude>
    <ClInclude Include="..\sockets\Lock.h">
      <Filter>Resource Files</Filter>
    </ClInclude>
    <ClInclude Include="..\sockets\TcpSocket.h">
      <Filter>Resource Files</Filter>
    </ClInclude>
    <ClInclude Include="..\sockets\Exception.h">
      <Filter>Resource Files</Filter>
    </ClInclude>
    <ClInclude Include="..\sockets\Utility.h">
      <Filter>Resource Files</Filter>
    </ClInclude>
    <ClInclude Include="..\sockets\Ipv4Address.h">
      <Filter>Resource Files</Filter>
    </ClInclude>
    <ClInclude Include="..\sockets\Ipv6Address.h">
      <Filter>Resource Files</Filter>
    </ClInclude>
    <ClInclude Include="..\sockets\Parse.h">
      <Filter>Resource Files</Filter>
    </ClInclude>
    <ClInclude Include="..\sockets\StreamSocket.h">
      <Filter>Resource Files</Filter>
    </ClInclude>
    <ClInclude Include="..\sockets\Base64.h">
      <Filter>Resource Files</Filter>
    </ClInclude>
    <ClInclude Include="..\sockets\Socket.h">
      <Filter>Resource Files</Filter>
    </ClInclude>
    <ClInclude Include="..\sockets\SocketHandler.h">
      <Filter>Resource Files</Filter>
    </ClInclude>
    <ClInclude Include="..\sockets\ResolvServer.h">
      <Filter>Resource Files</Filter>
    </ClInclude>
    <ClInclude Include="..\sockets\ResolvSocket.h">
      <Filter>Resource Files</Filter>
    </ClInclude>
    <ClInclude Include="..\sockets\SocketHandlerThread.h">
      <Filter>Resource Files</Filter>
    </ClInclude>
    <ClInclude Include="..\sockets\Semaphore.h">
      <Filter>Resource Files</Filter>
    </ClInclude>
    <ClInclude Include="..\sockets\Thread.h">
      <Filter>Resource Files</Filter>
    </ClInclude>
    <ClInclude Include="..\sockets\Mutex.h">
      <Filter>Resource Files</Filter>
    </ClInclude>
    <ClInclude Include="..\sockets\SocketThread.h">
      <Filter>Resource Files</Filter>
    </ClInclude>
    <ClInclude Include="..\sockets\UdpSocket.h">
      <Filter>Resource Files</Filter>
    </ClInclude>
    <ClInclude Include="..\sockets\ISocketHandler.h">
      <Filter>Resource Files</Filter>
    </ClInclude>
    <ClInclude Include="..\sockets\socket_include.h">
      <Filter>Resource Files</Filter>
    </ClInclude>
  </ItemGroup>
  <ItemGroup>
    <ClCompile Include="..\BlakeRainbowTables\Main.cpp">
      <Filter>Source Files</Filter>
    </ClCompile>
    <ClCompile Include="..\BlakeRainbowTables\llist.cpp">
      <Filter>Source Files</Filter>
    </ClCompile>
    <ClCompile Include="..\BlakeRainbowTables\hashOperations.cpp">
      <Filter>Source Files</Filter>
    </ClCompile>
    <ClCompile Include="..\BlakeRainbowTables\CreateRBT.cpp">
      <Filter>Source Files</Filter>
    </ClCompile>
    <ClCompile Include="..\BlakeRainbowTables\blake_ref.cpp">
      <Filter>Source Files</Filter>
    </ClCompile>
    <ClCompile Include="..\BlakeRainbowTables\RedFun.cpp">
      <Filter>Source Files</Filter>
    </ClCompile>
    <ClCompile Include="..\BlakeRainbowTables\SearchRBT.cpp">
      <Filter>Source Files</Filter>
    </ClCompile>
    <ClCompile Include="..\BlakeRainbowTables\byNet.cpp">
      <Filter>Source Files</Filter>
    </ClCompile>
    <ClCompile Include="..\sockets\Lock.cpp">
      <Filter>Resource Files</Filter>
    </ClCompile>
    <ClCompile Include="..\sockets\TcpSocket.cpp">
      <Filter>Resource Files</Filter>
    </ClCompile>
    <ClCompile Include="..\sockets\Exception.cpp">
      <Filter>Resource Files</Filter>
    </ClCompile>
    <ClCompile Include="..\sockets\Utility.cpp">
      <Filter>Resource Files</Filter>
    </ClCompile>
    <ClCompile Include="..\sockets\Ipv4Address.cpp">
      <Filter>Resource Files</Filter>
    </ClCompile>
    <ClCompile Include="..\sockets\Ipv6Address.cpp">
      <Filter>Resource Files</Filter>
    </ClCompile>
    <ClCompile Include="..\sockets\Parse.cpp">
      <Filter>Resource Files</Filter>
    </ClCompile>
    <ClCompile Include="..\sockets\StreamSocket.cpp">
      <Filter>Resource Files</Filter>
    </ClCompile>
    <ClCompile Include="..\sockets\Base64.cpp">
      <Filter>Resource Files</Filter>
    </ClCompile>
    <ClCompile Include="..\sockets\Socket.cpp">
      <Filter>Resource Files</Filter>
    </ClCompile>
    <ClCompile Include="..\sockets\SocketHandler.cpp">
      <Filter>Resource Files</Filter>
    </ClCompile>
    <ClCompile Include="..\sockets\ResolvServer.cpp">
      <Filter>Resource Files</Filter>
    </ClCompile>
    <ClCompile Include="..\sockets\ResolvSocket.cpp">
      <Filter>Resource Files</Filter>
    </ClCompile>
    <ClCompile Include="..\sockets\SocketHandlerThread.cpp">
      <Filter>Resource Files</Filter>
    </ClCompile>
    <ClCompile Include="..\sockets\Semaphore.cpp">
      <Filter>Resource Files</Filter>
    </ClCompile>
    <ClCompile Include="..\sockets\Thread.cpp">
      <Filter>Resource Files</Filter>
    </ClCompile>
    <ClCompile Include="..\sockets\Mutex.cpp">
      <Filter>Resource Files</Filter>
    </ClCompile>
    <ClCompile Include="..\sockets\SSLInitializer.cpp">
      <Filter>Resource Files</Filter>
    </ClCompile>
    <ClCompile Include="..\sockets\UdpSocket.cpp">
      <Filter>Resource Files</Filter>
    </ClCompile>
    <ClCompile Include="..\sockets\SocketThread.cpp">
      <Filter>Resource Files</Filter>
    </ClCompile>
    <ClCompile Include="..\sockets\SocketHandlerEp.cpp">
      <Filter>Resource Files</Filter>
    </ClCompile>
    <ClCompile Include="..\sockets\socket_include.cpp">
      <Filter>Resource Files</Filter>
    </ClCompile>
  </ItemGroup>
</Project>